
Microsoft Visual Studio Solution File, Format Version 12.00
# Visual Studio Version 17
VisualStudioVersion = 17.14.35906.104 d17.14
MinimumVisualStudioVersion = 10.0.40219.1
Project("{FAE04EC0-301F-11D3-BF4B-00C04F79EFBC}") = "WebApp", "dotnet/WebApp/WebApp.csproj", "{BEA8A5FE-0FD6-4A16-989F-CFB03F537A5B}"
EndProject
Global
	GlobalSection(SolutionConfigurationPlatforms) = preSolution
		Debug|Any CPU = Debug|Any CPU
		Release|Any CPU = Release|Any CPU
	EndGlobalSection
	GlobalSection(ProjectConfigurationPlatforms) = postSolution
		{BEA8A5FE-0FD6-4A16-989F-CFB03F537A5B}.Debug|Any CPU.ActiveCfg = Debug|Any CPU
		{BEA8A5FE-0FD6-4A16-989F-CFB03F537A5B}.Debug|Any CPU.Build.0 = Debug|Any CPU
		{BEA8A5FE-0FD6-4A16-989F-CFB03F537A5B}.Release|Any CPU.ActiveCfg = Release|Any CPU
		{BEA8A5FE-0FD6-4A16-989F-CFB03F537A5B}.Release|Any CPU.Build.0 = Release|Any CPU
	EndGlobalSection
	GlobalSection(SolutionProperties) = preSolution
		HideSolutionNode = FALSE
	EndGlobalSection
	GlobalSection(ExtensibilityGlobals) = postSolution
		SolutionGuid = {D4D647B1-6D9F-4382-9EA8-9CBB7E93A244}
	EndGlobalSection
EndGlobal
